
Microsoft Visual Studio Solution File, Format Version 12.00
# Visual Studio Version 16
VisualStudioVersion = 16.0.29920.165
MinimumVisualStudioVersion = 10.0.40219.1
Project("{FAE04EC0-301F-11D3-BF4B-00C04F79EFBC}") = "OutlookControll", "OutlookControll.csproj", "{361B0921-23F7-43FB-8C38-0573FFB2DEF0}"
EndProject
Global
	GlobalSection(SolutionConfigurationPlatforms) = preSolution
		Debug|Any CPU = Debug|Any CPU
		Release|Any CPU = Release|Any CPU
	EndGlobalSection
	GlobalSection(ProjectConfigurationPlatforms) = postSolution
		{361B0921-23F7-43FB-8C38-0573FFB2DEF0}.Debug|Any CPU.ActiveCfg = Debug|Any CPU
		{361B0921-23F7-43FB-8C38-0573FFB2DEF0}.Debug|Any CPU.Build.0 = Debug|Any CPU
		{361B0921-23F7-43FB-8C38-0573FFB2DEF0}.Release|Any CPU.ActiveCfg = Release|Any CPU
		{361B0921-23F7-43FB-8C38-0573FFB2DEF0}.Release|Any CPU.Build.0 = Release|Any CPU
	EndGlobalSection
	GlobalSection(SolutionProperties) = preSolution
		HideSolutionNode = FALSE
	EndGlobalSection
	GlobalSection(ExtensibilityGlobals) = postSolution
		SolutionGuid = {374CADB1-377A-4C00-99B7-1578F3FEBB1F}
	EndGlobalSection
EndGlobal
